<?xml version="1.0" encoding="utf-8"?>
<Project ToolsVersion="4.0" xmlns="http://schemas.microsoft.com/developer/msbuild/2003">
  <ItemGroup>
    <Filter Include="Source Files">
      <UniqueIdentifier>{4FC737F1-C7A5-4376-A066-2A32D752A2FF}</UniqueIdentifier>
      <Extensions>cpp;c;cc;cxx;def;odl;idl;hpj;bat;asm;asmx</Extensions>
    </Filter>
    <Filter Include="Header Files">
      <UniqueIdentifier>{93995380-89BD-4b04-88EB-625FBE52EBFB}</UniqueIdentifier>
      <Extensions>h;hpp;hxx;hm;inl;inc;xsd</Extensions>
    </Filter>
    <Filter Include="Source Files\Framework">
      <UniqueIdentifier>{37c19c94-9502-4b2b-b3f1-70fa908b49af}</UniqueIdentifier>
    </Filter>
    <Filter Include="Resource Files">
      <UniqueIdentifier>{67DA6AB6-F800-4c08-8B7A-83BB121AAD01}</UniqueIdentifier>
      <Extensions>rc;ico;cur;bmp;dlg;rc2;rct;bin;rgs;gif;jpg;jpeg;jpe;resx;tiff;tif;png;wav;mfcribbon-ms</Extensions>
    </Filter>
    <Filter Include="Source Files\Objects">
      <UniqueIdentifier>{03fab0ae-3063-44d8-9dd9-20547865d8ce}</UniqueIdentifier>
    </Filter>
    <Filter Include="Header Files\Objects">
      <UniqueIdentifier>{7d583813-18d8-4f0b-bcae-ca9b6151ea62}</UniqueIdentifier>
    </Filter>
    <Filter Include="Header Files\MiniGames">
      <UniqueIdentifier>{82ad9f1d-0136-4347-9af2-2e2946437273}</UniqueIdentifier>
    </Filter>
    <Filter Include="Source Files\MiniGames">
      <UniqueIdentifier>{0a0601dc-b432-4807-ae86-a428c6459731}</UniqueIdentifier>
    </Filter>
    <Filter Include="Header Files\Icons/Buildings">
      <UniqueIdentifier>{b47754e9-6164-4746-aff5-69389f41b5c7}</UniqueIdentifier>
    </Filter>
    <Filter Include="Header Files\Progression">
      <UniqueIdentifier>{4cb4893e-649b-43da-bd89-76ba1da5c90f}</UniqueIdentifier>
    </Filter>
    <Filter Include="Header Files\Base Game">
      <UniqueIdentifier>{7905cee9-078f-4098-bf2a-ad927ab81cee}</UniqueIdentifier>
    </Filter>
    <Filter Include="Header Files\Framework">
      <UniqueIdentifier>{07667b27-3d02-4514-a465-3fd8b26758ff}</UniqueIdentifier>
    </Filter>
    <Filter Include="Source Files\Progression">
      <UniqueIdentifier>{a3522325-9137-4f41-b1d5-40e769dc4327}</UniqueIdentifier>
    </Filter>
    <Filter Include="Source Files\Base Game">
      <UniqueIdentifier>{7802be16-7666-4298-a302-5f2d4b83414d}</UniqueIdentifier>
    </Filter>
    <Filter Include="Source Files\Icons/Buildings">
      <UniqueIdentifier>{2f456cc6-e63e-4b4c-bbd2-21f661f21c47}</UniqueIdentifier>
    </Filter>
  </ItemGroup>
  <ItemGroup>
    <ClCompile Include="Framework\console.cpp">
      <Filter>Source Files\Framework</Filter>
    </ClCompile>
    <ClCompile Include="Framework\timer.cpp">
      <Filter>Source Files\Framework</Filter>
    </ClCompile>
    <ClCompile Include="FireTruck.cpp">
      <Filter>Source Files\Objects</Filter>
    </ClCompile>
    <ClCompile Include="Hose.cpp">
      <Filter>Source Files\Objects</Filter>
    </ClCompile>
    <ClCompile Include="Road.cpp">
      <Filter>Source Files\Objects</Filter>
    </ClCompile>
    <ClCompile Include="MiniGame.cpp">
      <Filter>Source Files\MiniGames</Filter>
    </ClCompile>
    <ClCompile Include="MiniGame_WL.cpp">
      <Filter>Source Files\MiniGames</Filter>
    </ClCompile>
    <ClCompile Include="GameObject.cpp">
      <Filter>Source Files\Objects</Filter>
    </ClCompile>
    <ClCompile Include="Coin.cpp">
      <Filter>Source Files\Objects</Filter>
    </ClCompile>
    <ClCompile Include="Jar.cpp">
      <Filter>Source Files\Objects</Filter>
    </ClCompile>
    <ClCompile Include="MiniGame_RM.cpp">
      <Filter>Source Files\MiniGames</Filter>
    </ClCompile>
    <ClCompile Include="FireStation.cpp">
      <Filter>Source Files\Icons/Buildings</Filter>
    </ClCompile>
    <ClCompile Include="ASCII.cpp">
      <Filter>Source Files\Base Game</Filter>
    </ClCompile>
    <ClCompile Include="game.cpp">
      <Filter>Source Files\Base Game</Filter>
    </ClCompile>
    <ClCompile Include="global.cpp">
      <Filter>Source Files\Base Game</Filter>
    </ClCompile>
    <ClCompile Include="Level.cpp">
      <Filter>Source Files\Base Game</Filter>
    </ClCompile>
    <ClCompile Include="LevelState.cpp">
      <Filter>Source Files\Base Game</Filter>
    </ClCompile>
    <ClCompile Include="main.cpp">
      <Filter>Source Files\Base Game</Filter>
    </ClCompile>
    <ClCompile Include="Map.cpp">
      <Filter>Source Files\Base Game</Filter>
    </ClCompile>
    <ClCompile Include="Money.cpp">
      <Filter>Source Files\Progression</Filter>
    </ClCompile>
    <ClCompile Include="ProgressBar.cpp">
      <Filter>Source Files\Progression</Filter>
    </ClCompile>
    <ClCompile Include="Player.cpp">
      <Filter>Source Files\Objects</Filter>
    </ClCompile>
    <ClCompile Include="Position.cpp">
      <Filter>Source Files\Base Game</Filter>
    </ClCompile>
  </ItemGroup>
  <ItemGroup>
    <ClInclude Include="Framework\console.h">
      <Filter>Header Files\Framework</Filter>
    </ClInclude>
    <ClInclude Include="Framework\timer.h">
      <Filter>Header Files\Framework</Filter>
    </ClInclude>
    <ClInclude Include="FireTruck.h">
      <Filter>Header Files\Objects</Filter>
    </ClInclude>
    <ClInclude Include="Hose.h">
      <Filter>Header Files\Objects</Filter>
    </ClInclude>
    <ClInclude Include="Road.h">
      <Filter>Header Files\Objects</Filter>
    </ClInclude>
    <ClInclude Include="MiniGame_WL.h">
      <Filter>Header Files\MiniGames</Filter>
    </ClInclude>
    <ClInclude Include="MiniGame.h">
      <Filter>Header Files\MiniGames</Filter>
    </ClInclude>
    <ClInclude Include="GameObject.h">
      <Filter>Header Files\Objects</Filter>
    </ClInclude>
    <ClInclude Include="Jar.h">
      <Filter>Header Files\Objects</Filter>
    </ClInclude>
    <ClInclude Include="Coin.h">
      <Filter>Header Files\Objects</Filter>
    </ClInclude>
    <ClInclude Include="MiniGame_RM.h">
      <Filter>Header Files\MiniGames</Filter>
    </ClInclude>
    <ClInclude Include="FireStation.h">
      <Filter>Header Files\Icons/Buildings</Filter>
    </ClInclude>
    <ClInclude Include="Player.h">
      <Filter>Header Files\Objects</Filter>
    </ClInclude>
    <ClInclude Include="Money.h">
      <Filter>Header Files\Progression</Filter>
    </ClInclude>
    <ClInclude Include="ProgressBar.h">
      <Filter>Header Files\Progression</Filter>
    </ClInclude>
    <ClInclude Include="ASCII.h">
      <Filter>Header Files\Base Game</Filter>
    </ClInclude>
    <ClInclude Include="game.h">
      <Filter>Header Files\Base Game</Filter>
    </ClInclude>
    <ClInclude Include="global.h">
      <Filter>Header Files\Base Game</Filter>
    </ClInclude>
    <ClInclude Include="Level.h">
      <Filter>Header Files\Base Game</Filter>
    </ClInclude>
    <ClInclude Include="LevelState.h">
      <Filter>Header Files\Base Game</Filter>
    </ClInclude>
    <ClInclude Include="Map.h">
      <Filter>Header Files\Base Game</Filter>
    </ClInclude>
    <ClInclude Include="Position.h">
      <Filter>Header Files\Base Game</Filter>
    </ClInclude>
  </ItemGroup>
</Project>